
Microsoft Visual Studio Solution File, Format Version 12.00
# Visual Studio Version 17
VisualStudioVersion = 17.7.34024.191
MinimumVisualStudioVersion = 10.0.40219.1
Project("{FAE04EC0-301F-11D3-BF4B-00C04F79EFBC}") = "ProjetoFinalBloco1", "ProjetoFinalBloco1.csproj", "{52EE84D4-6905-44CD-A7B0-BF18EB8C7D1A}"
EndProject
Global
	GlobalSection(SolutionConfigurationPlatforms) = preSolution
		Debug|Any CPU = Debug|Any CPU
		Release|Any CPU = Release|Any CPU
	EndGlobalSection
	GlobalSection(ProjectConfigurationPlatforms) = postSolution
		{52EE84D4-6905-44CD-A7B0-BF18EB8C7D1A}.Debug|Any CPU.ActiveCfg = Debug|Any CPU
		{52EE84D4-6905-44CD-A7B0-BF18EB8C7D1A}.Debug|Any CPU.Build.0 = Debug|Any CPU
		{52EE84D4-6905-44CD-A7B0-BF18EB8C7D1A}.Release|Any CPU.ActiveCfg = Release|Any CPU
		{52EE84D4-6905-44CD-A7B0-BF18EB8C7D1A}.Release|Any CPU.Build.0 = Release|Any CPU
	EndGlobalSection
	GlobalSection(SolutionProperties) = preSolution
		HideSolutionNode = FALSE
	EndGlobalSection
	GlobalSection(ExtensibilityGlobals) = postSolution
		SolutionGuid = {B49E4836-9F1F-434D-9AD1-CBC04674BEBE}
	EndGlobalSection
EndGlobal
